
Microsoft Visual Studio Solution File, Format Version 12.00
# Visual Studio Version 17
VisualStudioVersion = 17.0.31903.59
MinimumVisualStudioVersion = 10.0.40219.1
Project("{FAE04EC0-301F-11D3-BF4B-00C04F79EFBC}") = "API", "API\API.csproj", "{13B9451C-8B30-4841-A871-7D9A485D2BB7}"
EndProject
Project("{FAE04EC0-301F-11D3-BF4B-00C04F79EFBC}") = "Core", "Core\Core.csproj", "{E1997810-106E-4C22-9CF1-3C12F6D5D272}"
EndProject
Project("{FAE04EC0-301F-11D3-BF4B-00C04F79EFBC}") = "Infrastructure", "Infrastructure\Infrastructure.csproj", "{0807F852-CEAA-4B4D-9ED9-99F93A67BA82}"
EndProject
Global
	GlobalSection(SolutionConfigurationPlatforms) = preSolution
		Debug|Any CPU = Debug|Any CPU
		Debug|x64 = Debug|x64
		Debug|x86 = Debug|x86
		Release|Any CPU = Release|Any CPU
		Release|x64 = Release|x64
		Release|x86 = Release|x86
	EndGlobalSection
	GlobalSection(ProjectConfigurationPlatforms) = postSolution
		{13B9451C-8B30-4841-A871-7D9A485D2BB7}.Debug|Any CPU.ActiveCfg = Debug|Any CPU
		{13B9451C-8B30-4841-A871-7D9A485D2BB7}.Debug|Any CPU.Build.0 = Debug|Any CPU
		{13B9451C-8B30-4841-A871-7D9A485D2BB7}.Debug|x64.ActiveCfg = Debug|Any CPU
		{13B9451C-8B30-4841-A871-7D9A485D2BB7}.Debug|x64.Build.0 = Debug|Any CPU
		{13B9451C-8B30-4841-A871-7D9A485D2BB7}.Debug|x86.ActiveCfg = Debug|Any CPU
		{13B9451C-8B30-4841-A871-7D9A485D2BB7}.Debug|x86.Build.0 = Debug|Any CPU
		{13B9451C-8B30-4841-A871-7D9A485D2BB7}.Release|Any CPU.ActiveCfg = Release|Any CPU
		{13B9451C-8B30-4841-A871-7D9A485D2BB7}.Release|Any CPU.Build.0 = Release|Any CPU
		{13B9451C-8B30-4841-A871-7D9A485D2BB7}.Release|x64.ActiveCfg = Release|Any CPU
		{13B9451C-8B30-4841-A871-7D9A485D2BB7}.Release|x64.Build.0 = Release|Any CPU
		{13B9451C-8B30-4841-A871-7D9A485D2BB7}.Release|x86.ActiveCfg = Release|Any CPU
		{13B9451C-8B30-4841-A871-7D9A485D2BB7}.Release|x86.Build.0 = Release|Any CPU
		{E1997810-106E-4C22-9CF1-3C12F6D5D272}.Debug|Any CPU.ActiveCfg = Debug|Any CPU
		{E1997810-106E-4C22-9CF1-3C12F6D5D272}.Debug|Any CPU.Build.0 = Debug|Any CPU
		{E1997810-106E-4C22-9CF1-3C12F6D5D272}.Debug|x64.ActiveCfg = Debug|Any CPU
		{E1997810-106E-4C22-9CF1-3C12F6D5D272}.Debug|x64.Build.0 = Debug|Any CPU
		{E1997810-106E-4C22-9CF1-3C12F6D5D272}.Debug|x86.ActiveCfg = Debug|Any CPU
		{E1997810-106E-4C22-9CF1-3C12F6D5D272}.Debug|x86.Build.0 = Debug|Any CPU
		{E1997810-106E-4C22-9CF1-3C12F6D5D272}.Release|Any CPU.ActiveCfg = Release|Any CPU
		{E1997810-106E-4C22-9CF1-3C12F6D5D272}.Release|Any CPU.Build.0 = Release|Any CPU
		{E1997810-106E-4C22-9CF1-3C12F6D5D272}.Release|x64.ActiveCfg = Release|Any CPU
		{E1997810-106E-4C22-9CF1-3C12F6D5D272}.Release|x64.Build.0 = Release|Any CPU
		{E1997810-106E-4C22-9CF1-3C12F6D5D272}.Release|x86.ActiveCfg = Release|Any CPU
		{E1997810-106E-4C22-9CF1-3C12F6D5D272}.Release|x86.Build.0 = Release|Any CPU
		{0807F852-CEAA-4B4D-9ED9-99F93A67BA82}.Debug|Any CPU.ActiveCfg = Debug|Any CPU
		{0807F852-CEAA-4B4D-9ED9-99F93A67BA82}.Debug|Any CPU.Build.0 = Debug|Any CPU
		{0807F852-CEAA-4B4D-9ED9-99F93A67BA82}.Debug|x64.ActiveCfg = Debug|Any CPU
		{0807F852-CEAA-4B4D-9ED9-99F93A67BA82}.Debug|x64.Build.0 = Debug|Any CPU
		{0807F852-CEAA-4B4D-9ED9-99F93A67BA82}.Debug|x86.ActiveCfg = Debug|Any CPU
		{0807F852-CEAA-4B4D-9ED9-99F93A67BA82}.Debug|x86.Build.0 = Debug|Any CPU
		{0807F852-CEAA-4B4D-9ED9-99F93A67BA82}.Release|Any CPU.ActiveCfg = Release|Any CPU
		{0807F852-CEAA-4B4D-9ED9-99F93A67BA82}.Release|Any CPU.Build.0 = Release|Any CPU
		{0807F852-CEAA-4B4D-9ED9-99F93A67BA82}.Release|x64.ActiveCfg = Release|Any CPU
		{0807F852-CEAA-4B4D-9ED9-99F93A67BA82}.Release|x64.Build.0 = Release|Any CPU
		{0807F852-CEAA-4B4D-9ED9-99F93A67BA82}.Release|x86.ActiveCfg = Release|Any CPU
		{0807F852-CEAA-4B4D-9ED9-99F93A67BA82}.Release|x86.Build.0 = Release|Any CPU
	EndGlobalSection
	GlobalSection(SolutionProperties) = preSolution
		HideSolutionNode = FALSE
	EndGlobalSection
EndGlobal
